
Microsoft Visual Studio Solution File, Format Version 12.00
# Visual Studio Version 16
VisualStudioVersion = 16.0.34407.143
MinimumVisualStudioVersion = 10.0.40219.1
Project("{FAE04EC0-301F-11D3-BF4B-00C04F79EFBC}") = "ToplamaİşlemiUygulaması", "ToplamaİşlemiUygulaması.csproj", "{F49F0144-4688-444A-8D97-0B0916F837F3}"
EndProject
Global
	GlobalSection(SolutionConfigurationPlatforms) = preSolution
		Debug|Any CPU = Debug|Any CPU
		Release|Any CPU = Release|Any CPU
	EndGlobalSection
	GlobalSection(ProjectConfigurationPlatforms) = postSolution
		{F49F0144-4688-444A-8D97-0B0916F837F3}.Debug|Any CPU.ActiveCfg = Debug|Any CPU
		{F49F0144-4688-444A-8D97-0B0916F837F3}.Debug|Any CPU.Build.0 = Debug|Any CPU
		{F49F0144-4688-444A-8D97-0B0916F837F3}.Release|Any CPU.ActiveCfg = Release|Any CPU
		{F49F0144-4688-444A-8D97-0B0916F837F3}.Release|Any CPU.Build.0 = Release|Any CPU
	EndGlobalSection
	GlobalSection(SolutionProperties) = preSolution
		HideSolutionNode = FALSE
	EndGlobalSection
	GlobalSection(ExtensibilityGlobals) = postSolution
		SolutionGuid = {F9E17265-09E7-42E7-BE2F-BC12E1624284}
	EndGlobalSection
EndGlobal
